<?xml version="1.0" encoding="utf-8"?>
<Project ToolsVersion="4.0" xmlns="http://schemas.microsoft.com/developer/msbuild/2003">
  <ItemGroup>
    <ClCompile Include="CCollider.cpp">
      <Filter>Engine\Component\COllider</Filter>
    </ClCompile>
    <ClCompile Include="CAnimator.cpp">
      <Filter>Engine\Component\Animator</Filter>
    </ClCompile>
    <ClCompile Include="CAnimation.cpp">
      <Filter>Engine\Component\Animator\Animation</Filter>
    </ClCompile>
    <ClCompile Include="CCameraManager.cpp">
      <Filter>Engine\Manager\Camera</Filter>
    </ClCompile>
    <ClCompile Include="CCollisionManager.cpp">
      <Filter>Engine\Manager\Collision</Filter>
    </ClCompile>
    <ClCompile Include="CEventManager.cpp">
      <Filter>Engine\Manager\Event</Filter>
    </ClCompile>
    <ClCompile Include="CCore.cpp">
      <Filter>Engine\Core</Filter>
    </ClCompile>
    <ClCompile Include="CKeyManager.cpp">
      <Filter>Engine\Manager\Key</Filter>
    </ClCompile>
    <ClCompile Include="CPathManager.cpp">
      <Filter>Engine\Manager\Path</Filter>
    </ClCompile>
    <ClCompile Include="CResourceManager.cpp">
      <Filter>Engine\Manager\Resource</Filter>
    </ClCompile>
    <ClCompile Include="CSceneManager.cpp">
      <Filter>Engine\Manager\Scene</Filter>
    </ClCompile>
    <ClCompile Include="CTimeManager.cpp">
      <Filter>Engine\Manager\Time</Filter>
    </ClCompile>
    <ClCompile Include="CUIManager.cpp">
      <Filter>Engine\Manager\UI</Filter>
    </ClCompile>
    <ClCompile Include="CObject.cpp">
      <Filter>Object</Filter>
    </ClCompile>
    <ClCompile Include="CResource.cpp">
      <Filter>Resource</Filter>
    </ClCompile>
    <ClCompile Include="CScene.cpp">
      <Filter>Scene</Filter>
    </ClCompile>
    <ClCompile Include="CScene_Title.cpp">
      <Filter>Scene</Filter>
    </ClCompile>
    <ClCompile Include="CScene_Tool.cpp">
      <Filter>Scene</Filter>
    </ClCompile>
    <ClCompile Include="func.cpp">
      <Filter>Util</Filter>
    </ClCompile>
    <ClCompile Include="winAPI.cpp">
      <Filter>Main</Filter>
    </ClCompile>
    <ClCompile Include="CSound.cpp">
      <Filter>Resource\Sound</Filter>
    </ClCompile>
    <ClCompile Include="CTexture.cpp">
      <Filter>Resource\Texture</Filter>
    </ClCompile>
    <ClCompile Include="CPlayer.cpp">
      <Filter>Object\Character</Filter>
    </ClCompile>
    <ClCompile Include="CTile.cpp">
      <Filter>Object\Tile</Filter>
    </ClCompile>
    <ClCompile Include="CUI.cpp">
      <Filter>Object\UI</Filter>
    </ClCompile>
    <ClCompile Include="CPanelUI.cpp">
      <Filter>Object\UI</Filter>
    </ClCompile>
    <ClCompile Include="CButtonUI.cpp">
      <Filter>Object\UI</Filter>
    </ClCompile>
    <ClCompile Include="CScene_Stage01.cpp">
      <Filter>Scene</Filter>
    </ClCompile>
    <ClCompile Include="CBackGround.cpp">
      <Filter>Object\BackGround</Filter>
    </ClCompile>
    <ClCompile Include="CFrontGround.cpp">
      <Filter>Object\BackGround</Filter>
    </ClCompile>
    <ClCompile Include="CImage.cpp">
      <Filter>Object\Image</Filter>
    </ClCompile>
    <ClCompile Include="CMonster.cpp">
      <Filter>Object\Character\Monster</Filter>
    </ClCompile>
    <ClCompile Include="CMonster_Mush.cpp">
      <Filter>Object\Character\Monster</Filter>
    </ClCompile>
    <ClCompile Include="CTest.cpp">
      <Filter>Object</Filter>
    </ClCompile>
    <ClCompile Include="CMissile.cpp">
      <Filter>Object\CAttack</Filter>
    </ClCompile>
    <ClCompile Include="CAttack.cpp">
      <Filter>Object\CAttack</Filter>
    </ClCompile>
    <ClCompile Include="CBoss_Markoth.cpp">
      <Filter>Object\Character\Monster\CBoss</Filter>
    </ClCompile>
    <ClCompile Include="CShield.cpp">
      <Filter>Object\CAttack</Filter>
    </ClCompile>
    <ClCompile Include="CButtonUI_Image.cpp">
      <Filter>Object\UI</Filter>
    </ClCompile>
    <ClCompile Include="CState.cpp">
      <Filter>Engine\Component\AI\State</Filter>
    </ClCompile>
    <ClCompile Include="CAI.cpp">
      <Filter>Engine\Component\AI</Filter>
    </ClCompile>
    <ClCompile Include="CState_Downslash.cpp">
      <Filter>Engine\Component\AI\State\CState_Player</Filter>
    </ClCompile>
    <ClCompile Include="CState_Fall.cpp">
      <Filter>Engine\Component\AI\State\CState_Player</Filter>
    </ClCompile>
    <ClCompile Include="CState_Idle.cpp">
      <Filter>Engine\Component\AI\State\CState_Player</Filter>
    </ClCompile>
    <ClCompile Include="CState_Jump.cpp">
      <Filter>Engine\Component\AI\State\CState_Player</Filter>
    </ClCompile>
    <ClCompile Include="CState_Run.cpp">
      <Filter>Engine\Component\AI\State\CState_Player</Filter>
    </ClCompile>
    <ClCompile Include="CState_Slash1.cpp">
      <Filter>Engine\Component\AI\State\CState_Player</Filter>
    </ClCompile>
    <ClCompile Include="CState_Upslash.cpp">
      <Filter>Engine\Component\AI\State\CState_Player</Filter>
    </ClCompile>
    <ClCompile Include="CState_Fire.cpp">
      <Filter>Engine\Component\AI\State\CState_Player</Filter>
    </ClCompile>
    <ClCompile Include="CState_Focus.cpp">
      <Filter>Engine\Component\AI\State\CState_Player</Filter>
    </ClCompile>
    <ClCompile Include="CState_Slash2.cpp">
      <Filter>Engine\Component\AI\State\CState_Player</Filter>
    </ClCompile>
    <ClCompile Include="CState_Stun.cpp">
      <Filter>Engine\Component\AI\State\CState_Player</Filter>
    </ClCompile>
    <ClCompile Include="CSpear.cpp">
      <Filter>Object\CAttack\CSpear</Filter>
    </ClCompile>
    <ClCompile Include="CEffector.cpp">
      <Filter>Engine\Component\Effector</Filter>
    </ClCompile>
    <ClCompile Include="CEffect.cpp">
      <Filter>Engine\Component\Effector\CEffect</Filter>
    </ClCompile>
    <ClCompile Include="CState_Death.cpp">
      <Filter>Engine\Component\AI\State\CState_Player</Filter>
    </ClCompile>
    <ClCompile Include="CState_Dash.cpp">
      <Filter>Engine\Component\AI\State\CState_Player</Filter>
    </ClCompile>
    <ClCompile Include="CState_Dash2Idle.cpp">
      <Filter>Engine\Component\AI\State\CState_Player</Filter>
    </ClCompile>
    <ClCompile Include="CState_Doublejump.cpp">
      <Filter>Engine\Component\AI\State\CState_Player</Filter>
    </ClCompile>
    <ClCompile Include="CGround.cpp">
      <Filter>Object\Tile</Filter>
    </ClCompile>
    <ClCompile Include="CScene_Stage02.cpp">
      <Filter>Scene</Filter>
    </ClCompile>
  </ItemGroup>
  <ItemGroup>
    <ClInclude Include="CCollider.h">
      <Filter>Engine\Component\COllider</Filter>
    </ClInclude>
    <ClInclude Include="CAnimator.h">
      <Filter>Engine\Component\Animator</Filter>
    </ClInclude>
    <ClInclude Include="CAnimation.h">
      <Filter>Engine\Component\Animator\Animation</Filter>
    </ClInclude>
    <ClInclude Include="CCameraManager.h">
      <Filter>Engine\Manager\Camera</Filter>
    </ClInclude>
    <ClInclude Include="CCollisionManager.h">
      <Filter>Engine\Manager\Collision</Filter>
    </ClInclude>
    <ClInclude Include="CEventManager.h">
      <Filter>Engine\Manager\Event</Filter>
    </ClInclude>
    <ClInclude Include="CCore.h">
      <Filter>Engine\Core</Filter>
    </ClInclude>
    <ClInclude Include="CKeyManager.h">
      <Filter>Engine\Manager\Key</Filter>
    </ClInclude>
    <ClInclude Include="CPathManager.h">
      <Filter>Engine\Manager\Path</Filter>
    </ClInclude>
    <ClInclude Include="CResourceManager.h">
      <Filter>Engine\Manager\Resource</Filter>
    </ClInclude>
    <ClInclude Include="CSceneManager.h">
      <Filter>Engine\Manager\Scene</Filter>
    </ClInclude>
    <ClInclude Include="CTimeManager.h">
      <Filter>Engine\Manager\Time</Filter>
    </ClInclude>
    <ClInclude Include="CUIManager.h">
      <Filter>Engine\Manager\UI</Filter>
    </ClInclude>
    <ClInclude Include="CObject.h">
      <Filter>Object</Filter>
    </ClInclude>
    <ClInclude Include="CResource.h">
      <Filter>Resource</Filter>
    </ClInclude>
    <ClInclude Include="CScene.h">
      <Filter>Scene</Filter>
    </ClInclude>
    <ClInclude Include="CScene_Title.h">
      <Filter>Scene</Filter>
    </ClInclude>
    <ClInclude Include="func.h">
      <Filter>Util</Filter>
    </ClInclude>
    <ClInclude Include="Logger.h">
      <Filter>Util</Filter>
    </ClInclude>
    <ClInclude Include="SingleTon.h">
      <Filter>Util</Filter>
    </ClInclude>
    <ClInclude Include="SelectGDI.h">
      <Filter>Util</Filter>
    </ClInclude>
    <ClInclude Include="struct.h">
      <Filter>Util</Filter>
    </ClInclude>
    <ClInclude Include="CSound.h">
      <Filter>Resource\Sound</Filter>
    </ClInclude>
    <ClInclude Include="CTexture.h">
      <Filter>Resource\Texture</Filter>
    </ClInclude>
    <ClInclude Include="CPlayer.h">
      <Filter>Object\Character</Filter>
    </ClInclude>
    <ClInclude Include="CTile.h">
      <Filter>Object\Tile</Filter>
    </ClInclude>
    <ClInclude Include="CUI.h">
      <Filter>Object\UI</Filter>
    </ClInclude>
    <ClInclude Include="framework.h">
      <Filter>Header</Filter>
    </ClInclude>
    <ClInclude Include="Resource.h">
      <Filter>Header</Filter>
    </ClInclude>
    <ClInclude Include="targetver.h">
      <Filter>Header</Filter>
    </ClInclude>
    <ClInclude Include="winAPI.h">
      <Filter>Header</Filter>
    </ClInclude>
    <ClInclude Include="CPanelUI.h">
      <Filter>Object\UI</Filter>
    </ClInclude>
    <ClInclude Include="CButtonUI.h">
      <Filter>Object\UI</Filter>
    </ClInclude>
    <ClInclude Include="CScene_Stage01.h">
      <Filter>Scene</Filter>
    </ClInclude>
    <ClInclude Include="CScene_Tool.h">
      <Filter>Scene</Filter>
    </ClInclude>
    <ClInclude Include="CBackGround.h">
      <Filter>Object\BackGround</Filter>
    </ClInclude>
    <ClInclude Include="CFrontGround.h">
      <Filter>Object\BackGround</Filter>
    </ClInclude>
    <ClInclude Include="CImage.h">
      <Filter>Object\Image</Filter>
    </ClInclude>
    <ClInclude Include="CMonster.h">
      <Filter>Object\Character\Monster</Filter>
    </ClInclude>
    <ClInclude Include="CMonster_Mush.h">
      <Filter>Object\Character\Monster</Filter>
    </ClInclude>
    <ClInclude Include="CTest.h">
      <Filter>Object</Filter>
    </ClInclude>
    <ClInclude Include="CMissile.h">
      <Filter>Object\CAttack</Filter>
    </ClInclude>
    <ClInclude Include="CAttack.h">
      <Filter>Object\CAttack</Filter>
    </ClInclude>
    <ClInclude Include="CBoss_Markoth.h">
      <Filter>Object\Character\Monster\CBoss</Filter>
    </ClInclude>
    <ClInclude Include="CShield.h">
      <Filter>Object\CAttack</Filter>
    </ClInclude>
    <ClInclude Include="CButtonUI_Image.h">
      <Filter>Object\UI</Filter>
    </ClInclude>
    <ClInclude Include="CState.h">
      <Filter>Engine\Component\AI\State</Filter>
    </ClInclude>
    <ClInclude Include="CAI.h">
      <Filter>Engine\Component\AI</Filter>
    </ClInclude>
    <ClInclude Include="CState_Slash1.h">
      <Filter>Engine\Component\AI\State\CState_Player</Filter>
    </ClInclude>
    <ClInclude Include="CState_Downslash.h">
      <Filter>Engine\Component\AI\State\CState_Player</Filter>
    </ClInclude>
    <ClInclude Include="CState_Fall.h">
      <Filter>Engine\Component\AI\State\CState_Player</Filter>
    </ClInclude>
    <ClInclude Include="CState_Idle.h">
      <Filter>Engine\Component\AI\State\CState_Player</Filter>
    </ClInclude>
    <ClInclude Include="CState_Jump.h">
      <Filter>Engine\Component\AI\State\CState_Player</Filter>
    </ClInclude>
    <ClInclude Include="CState_Run.h">
      <Filter>Engine\Component\AI\State\CState_Player</Filter>
    </ClInclude>
    <ClInclude Include="CState_Upslash.h">
      <Filter>Engine\Component\AI\State\CState_Player</Filter>
    </ClInclude>
    <ClInclude Include="CState_Fire.h">
      <Filter>Engine\Component\AI\State\CState_Player</Filter>
    </ClInclude>
    <ClInclude Include="CState_Focus.h">
      <Filter>Engine\Component\AI\State\CState_Player</Filter>
    </ClInclude>
    <ClInclude Include="CState_Slash2.h">
      <Filter>Engine\Component\AI\State\CState_Player</Filter>
    </ClInclude>
    <ClInclude Include="CState_Stun.h">
      <Filter>Engine\Component\AI\State\CState_Player</Filter>
    </ClInclude>
    <ClInclude Include="CSpear.h">
      <Filter>Object\CAttack\CSpear</Filter>
    </ClInclude>
    <ClInclude Include="CEffector.h">
      <Filter>Engine\Component\Effector</Filter>
    </ClInclude>
    <ClInclude Include="CEffect.h">
      <Filter>Engine\Component\Effector\CEffect</Filter>
    </ClInclude>
    <ClInclude Include="CState_Death.h">
      <Filter>Engine\Component\AI\State\CState_Player</Filter>
    </ClInclude>
    <ClInclude Include="CState_Dash.h">
      <Filter>Engine\Component\AI\State\CState_Player</Filter>
    </ClInclude>
    <ClInclude Include="CState_Dash2Idle.h">
      <Filter>Engine\Component\AI\State\CState_Player</Filter>
    </ClInclude>
    <ClInclude Include="CState_Doublejump.h">
      <Filter>Engine\Component\AI\State\CState_Player</Filter>
    </ClInclude>
    <ClInclude Include="CGround.h">
      <Filter>Object\Tile</Filter>
    </ClInclude>
    <ClInclude Include="CScene_Stage02.h">
      <Filter>Scene</Filter>
    </ClInclude>
  </ItemGroup>
  <ItemGroup>
    <Image Include="small.ico">
      <Filter>ResFile</Filter>
    </Image>
    <Image Include="winAPI.ico">
      <Filter>ResFile</Filter>
    </Image>
  </ItemGroup>
  <ItemGroup>
    <Filter Include="Engine">
      <UniqueIdentifier>{710dba8a-e3d5-4ff9-986d-45956b549362}</UniqueIdentifier>
    </Filter>
    <Filter Include="Engine\Component">
      <UniqueIdentifier>{c771a95a-f345-447f-ba57-bb6b5e92f21f}</UniqueIdentifier>
    </Filter>
    <Filter Include="Engine\Core">
      <UniqueIdentifier>{7e9f908f-f259-4062-a802-43019ead74e4}</UniqueIdentifier>
    </Filter>
    <Filter Include="Engine\Manager">
      <UniqueIdentifier>{2468f4ab-4002-4c30-a61c-819b21ea9dbd}</UniqueIdentifier>
    </Filter>
    <Filter Include="Engine\Component\Animator">
      <UniqueIdentifier>{6714f96a-3388-4485-bb8e-fc6a06fdbcac}</UniqueIdentifier>
    </Filter>
    <Filter Include="Engine\Component\COllider">
      <UniqueIdentifier>{3ec1b448-e404-4bb7-90c6-b082f8d28b34}</UniqueIdentifier>
    </Filter>
    <Filter Include="Engine\Component\Animator\Animation">
      <UniqueIdentifier>{57298b5d-4a8b-44fa-8b44-021e458a92d4}</UniqueIdentifier>
    </Filter>
    <Filter Include="Engine\Manager\Camera">
      <UniqueIdentifier>{fc688a1a-7e24-412a-afa3-49d40907a8fa}</UniqueIdentifier>
    </Filter>
    <Filter Include="Engine\Manager\Collision">
      <UniqueIdentifier>{f487bef0-c584-412c-aef3-8b2b3c39e779}</UniqueIdentifier>
    </Filter>
    <Filter Include="Engine\Manager\Event">
      <UniqueIdentifier>{29c9fa5e-32b8-4eef-b942-acb2c23bb7bc}</UniqueIdentifier>
    </Filter>
    <Filter Include="Engine\Manager\Key">
      <UniqueIdentifier>{d697ba1e-785a-4987-99ac-7ef73cd4579a}</UniqueIdentifier>
    </Filter>
    <Filter Include="Engine\Manager\Path">
      <UniqueIdentifier>{597f28a1-b323-4f24-ac74-4422558baeaf}</UniqueIdentifier>
    </Filter>
    <Filter Include="Engine\Manager\Resource">
      <UniqueIdentifier>{535ffbcf-5c13-4dd9-bbfb-f63f4479e5ac}</UniqueIdentifier>
    </Filter>
    <Filter Include="Engine\Manager\Scene">
      <UniqueIdentifier>{8422f376-221b-487b-92e9-dd6199a4540d}</UniqueIdentifier>
    </Filter>
    <Filter Include="Engine\Manager\Time">
      <UniqueIdentifier>{784b1dfb-8ace-41d4-85d6-a4fdff30a4e6}</UniqueIdentifier>
    </Filter>
    <Filter Include="Engine\Manager\UI">
      <UniqueIdentifier>{2a7d30a0-3c17-4982-b47a-4cfec341f511}</UniqueIdentifier>
    </Filter>
    <Filter Include="Object">
      <UniqueIdentifier>{b18f92e6-5e7d-4855-b010-5ea64224c492}</UniqueIdentifier>
    </Filter>
    <Filter Include="Scene">
      <UniqueIdentifier>{43834b87-baa4-4ae4-ad9d-624cd920f533}</UniqueIdentifier>
    </Filter>
    <Filter Include="Resource">
      <UniqueIdentifier>{1ae92e1a-5edc-4012-b57b-26ddebebd9cb}</UniqueIdentifier>
    </Filter>
    <Filter Include="Util">
      <UniqueIdentifier>{a5b0bfef-e2c9-4022-9aed-bc39c10d004f}</UniqueIdentifier>
    </Filter>
    <Filter Include="Main">
      <UniqueIdentifier>{9ecb600f-0f51-4c20-8d15-34ea853cab94}</UniqueIdentifier>
    </Filter>
    <Filter Include="Resource\Sound">
      <UniqueIdentifier>{2961dfb3-3fbc-49b0-bdca-97e4a54d1eec}</UniqueIdentifier>
    </Filter>
    <Filter Include="Resource\Texture">
      <UniqueIdentifier>{43080e5c-4ef3-4f34-8372-b23f602161ab}</UniqueIdentifier>
    </Filter>
    <Filter Include="Object\UI">
      <UniqueIdentifier>{6ba364ae-13f5-4a0c-832b-e53baaac2436}</UniqueIdentifier>
    </Filter>
    <Filter Include="Object\Character">
      <UniqueIdentifier>{2448e69b-1b88-4083-a96c-bc63384eb419}</UniqueIdentifier>
    </Filter>
    <Filter Include="Object\BackGround">
      <UniqueIdentifier>{08f5c440-9a18-4a67-8cc1-3412276b0002}</UniqueIdentifier>
    </Filter>
    <Filter Include="Object\Tile">
      <UniqueIdentifier>{2267add0-0b9d-401b-9f03-4182eeb98368}</UniqueIdentifier>
    </Filter>
    <Filter Include="Header">
      <UniqueIdentifier>{c4ec8610-3467-489b-a8ec-18b62f8a365a}</UniqueIdentifier>
    </Filter>
    <Filter Include="ResFile">
      <UniqueIdentifier>{3708015d-8b04-4a9c-a4fb-6a5452ba4ef7}</UniqueIdentifier>
    </Filter>
    <Filter Include="Object\Character\Monster">
      <UniqueIdentifier>{a37873d8-42ba-48d1-b8e2-90c4c5101b38}</UniqueIdentifier>
    </Filter>
    <Filter Include="Object\CAttack">
      <UniqueIdentifier>{fbbf58c3-f07c-415e-8e69-eb7f84c288db}</UniqueIdentifier>
    </Filter>
    <Filter Include="Object\Character\Monster\CBoss">
      <UniqueIdentifier>{82fb5d76-ef7b-4b90-82a1-932fcde36fea}</UniqueIdentifier>
    </Filter>
    <Filter Include="Object\Image">
      <UniqueIdentifier>{46ead140-2c6c-4361-a8ac-2816a8aa8092}</UniqueIdentifier>
    </Filter>
    <Filter Include="Engine\Component\AI">
      <UniqueIdentifier>{b45b45a8-088e-4717-a6cb-313cf0527b45}</UniqueIdentifier>
    </Filter>
    <Filter Include="Engine\Component\AI\State">
      <UniqueIdentifier>{32d02ebb-01c4-4105-b34d-74040e90f95a}</UniqueIdentifier>
    </Filter>
    <Filter Include="Engine\Component\AI\State\CState_Player">
      <UniqueIdentifier>{d8ceaa5c-d20a-4a81-92d3-9fa6dfd7e14f}</UniqueIdentifier>
    </Filter>
    <Filter Include="Engine\Component\Effector">
      <UniqueIdentifier>{705342b9-b269-4014-9170-73650d611350}</UniqueIdentifier>
    </Filter>
    <Filter Include="Engine\Component\Effector\CEffect">
      <UniqueIdentifier>{f9af9b91-70f8-479c-b9eb-f9bf231d268b}</UniqueIdentifier>
    </Filter>
    <Filter Include="Object\CAttack\CSpear">
      <UniqueIdentifier>{3cffa103-1c8d-440c-96f1-f195f04c23b7}</UniqueIdentifier>
    </Filter>
  </ItemGroup>
  <ItemGroup>
    <ResourceCompile Include="winAPI.rc">
      <Filter>ResFile</Filter>
    </ResourceCompile>
  </ItemGroup>
  <ItemGroup>
    <None Include="ClassDiagram.cd" />
    <None Include="ClassDiagram1.cd" />
  </ItemGroup>
</Project>